// !$*UTF8*$!
{
	archiveVersion = 1;
	classes = {
	};
	objectVersion = 55;
	objects = {

/* Begin PBXBuildFile section */
		065EC0F927716D770040AADA /* AlbumApp.swift in Sources */ = {isa = PBXBuildFile; fileRef = 065EC0F827716D770040AADA /* AlbumApp.swift */; };
		065EC0FB27716D770040AADA /* ContentView.swift in Sources */ = {isa = PBXBuildFile; fileRef = 065EC0FA27716D770040AADA /* ContentView.swift */; };
		065EC0FD27716D780040AADA /* Assets.xcassets in Resources */ = {isa = PBXBuildFile; fileRef = 065EC0FC27716D780040AADA /* Assets.xcassets */; };
		065EC10027716D780040AADA /* Preview Assets.xcassets in Resources */ = {isa = PBXBuildFile; fileRef = 065EC0FF27716D780040AADA /* Preview Assets.xcassets */; };
		065EC108277171D90040AADA /* ImagePickerView.swift in Sources */ = {isa = PBXBuildFile; fileRef = 065EC107277171D90040AADA /* ImagePickerView.swift */; };
		065EC10A277177360040AADA /* snacks.mlmodel in Sources */ = {isa = PBXBuildFile; fileRef = 065EC109277177360040AADA /* snacks.mlmodel */; };
		065EC10C277177A80040AADA /* ImageClassifier.swift in Sources */ = {isa = PBXBuildFile; fileRef = 065EC10B277177A80040AADA /* ImageClassifier.swift */; };
		065EC10E277191990040AADA /* PhotoView.swift in Sources */ = {isa = PBXBuildFile; fileRef = 065EC10D277191990040AADA /* PhotoView.swift */; };
		065EC110277198090040AADA /* PhotoDetail.swift in Sources */ = {isa = PBXBuildFile; fileRef = 065EC10F277198090040AADA /* PhotoDetail.swift */; };
		065EC11227719DD20040AADA /* AllPhoto.swift in Sources */ = {isa = PBXBuildFile; fileRef = 065EC11127719DD20040AADA /* AllPhoto.swift */; };
/* End PBXBuildFile section */

/* Begin PBXFileReference section */
		065EC0F527716D770040AADA /* Album.app */ = {isa = PBXFileReference; explicitFileType = wrapper.application; includeInIndex = 0; path = Album.app; sourceTree = BUILT_PRODUCTS_DIR; };
		065EC0F827716D770040AADA /* AlbumApp.swift */ = {isa = PBXFileReference; lastKnownFileType = sourcecode.swift; path = AlbumApp.swift; sourceTree = "<group>"; };
		065EC0FA27716D770040AADA /* ContentView.swift */ = {isa = PBXFileReference; lastKnownFileType = sourcecode.swift; path = ContentView.swift; sourceTree = "<group>"; };
		065EC0FC27716D780040AADA /* Assets.xcassets */ = {isa = PBXFileReference; lastKnownFileType = folder.assetcatalog; path = Assets.xcassets; sourceTree = "<group>"; };
		065EC0FF27716D780040AADA /* Preview Assets.xcassets */ = {isa = PBXFileReference; lastKnownFileType = folder.assetcatalog; path = "Preview Assets.xcassets"; sourceTree = "<group>"; };
		065EC1062771717E0040AADA /* Info.plist */ = {isa = PBXFileReference; lastKnownFileType = text.plist; path = Info.plist; sourceTree = "<group>"; };
		065EC107277171D90040AADA /* ImagePickerView.swift */ = {isa = PBXFileReference; lastKnownFileType = sourcecode.swift; path = ImagePickerView.swift; sourceTree = "<group>"; };
		065EC109277177360040AADA /* snacks.mlmodel */ = {isa = PBXFileReference; lastKnownFileType = file.mlmodel; name = snacks.mlmodel; path = ../snacks.mlmodel; sourceTree = "<group>"; };
		065EC10B277177A80040AADA /* ImageClassifier.swift */ = {isa = PBXFileReference; lastKnownFileType = sourcecode.swift; path = ImageClassifier.swift; sourceTree = "<group>"; };
		065EC10D277191990040AADA /* PhotoView.swift */ = {isa = PBXFileReference; lastKnownFileType = sourcecode.swift; path = PhotoView.swift; sourceTree = "<group>"; };
		065EC10F277198090040AADA /* PhotoDetail.swift */ = {isa = PBXFileReference; lastKnownFileType = sourcecode.swift; path = PhotoDetail.swift; sourceTree = "<group>"; };
		065EC11127719DD20040AADA /* AllPhoto.swift */ = {isa = PBXFileReference; lastKnownFileType = sourcecode.swift; path = AllPhoto.swift; sourceTree = "<group>"; };
/* End PBXFileReference section */

/* Begin PBXFrameworksBuildPhase section */
		065EC0F227716D770040AADA /* Frameworks */ = {
			isa = PBXFrameworksBuildPhase;
			buildActionMask = 2147483647;
			files = (
			);
			runOnlyForDeploymentPostprocessing = 0;
		};
/* End PBXFrameworksBuildPhase section */

/* Begin PBXGroup section */
		065EC0EC27716D770040AADA = {
			isa = PBXGroup;
			children = (
				065EC109277177360040AADA /* snacks.mlmodel */,
				065EC0F727716D770040AADA /* Album */,
				065EC0F627716D770040AADA /* Products */,
			);
			sourceTree = "<group>";
		};
		065EC0F627716D770040AADA /* Products */ = {
			isa = PBXGroup;
			children = (
				065EC0F527716D770040AADA /* Album.app */,
			);
			name = Products;
			sourceTree = "<group>";
		};
		065EC0F727716D770040AADA /* Album */ = {
			isa = PBXGroup;
			children = (
				065EC1062771717E0040AADA /* Info.plist */,
				065EC107277171D90040AADA /* ImagePickerView.swift */,
				065EC0F827716D770040AADA /* AlbumApp.swift */,
				065EC10F277198090040AADA /* PhotoDetail.swift */,
				065EC11127719DD20040AADA /* AllPhoto.swift */,
				065EC0FA27716D770040AADA /* ContentView.swift */,
				065EC10D277191990040AADA /* PhotoView.swift */,
				065EC10B277177A80040AADA /* ImageClassifier.swift */,
				065EC0FC27716D780040AADA /* Assets.xcassets */,
				065EC0FE27716D780040AADA /* Preview Content */,
			);
			path = Album;
			sourceTree = "<group>";
		};
		065EC0FE27716D780040AADA /* Preview Content */ = {
			isa = PBXGroup;
			children = (
				065EC0FF27716D780040AADA /* Preview Assets.xcassets */,
			);
			path = "Preview Content";
			sourceTree = "<group>";
		};
/* End PBXGroup section */

/* Begin PBXNativeTarget section */
		065EC0F427716D770040AADA /* Album */ = {
			isa = PBXNativeTarget;
			buildConfigurationList = 065EC10327716D780040AADA /* Build configuration list for PBXNativeTarget "Album" */;
			buildPhases = (
				065EC0F127716D770040AADA /* Sources */,
				065EC0F227716D770040AADA /* Frameworks */,
				065EC0F327716D770040AADA /* Resources */,
			);
			buildRules = (
			);
			dependencies = (
			);
			name = Album;
			productName = Album;
			productReference = 065EC0F527716D770040AADA /* Album.app */;
			productType = "com.apple.product-type.application";
		};
/* End PBXNativeTarget section */

/* Begin PBXProject section */
		065EC0ED27716D770040AADA /* Project object */ = {
			isa = PBXProject;
			attributes = {
				BuildIndependentTargetsInParallel = 1;
				LastSwiftUpdateCheck = 1310;
				LastUpgradeCheck = 1310;
				TargetAttributes = {
					065EC0F427716D770040AADA = {
						CreatedOnToolsVersion = 13.1;
					};
				};
			};
			buildConfigurationList = 065EC0F027716D770040AADA /* Build configuration list for PBXProject "Album" */;
			compatibilityVersion = "Xcode 13.0";
			developmentRegion = en;
			hasScannedForEncodings = 0;
			knownRegions = (
				en,
				Base,
			);
			mainGroup = 065EC0EC27716D770040AADA;
			productRefGroup = 065EC0F627716D770040AADA /* Products */;
			projectDirPath = "";
			projectRoot = "";
			targets = (
				065EC0F427716D770040AADA /* Album */,
			);
		};
/* End PBXProject section */

/* Begin PBXResourcesBuildPhase section */
		065EC0F327716D770040AADA /* Resources */ = {
			isa = PBXResourcesBuildPhase;
			buildActionMask = 2147483647;
			files = (
				065EC10027716D780040AADA /* Preview Assets.xcassets in Resources */,
				065EC0FD27716D780040AADA /* Assets.xcassets in Resources */,
			);
			runOnlyForDeploymentPostprocessing = 0;
		};
/* End PBXResourcesBuildPhase section */

/* Begin PBXSourcesBuildPhase section */
		065EC0F127716D770040AADA /* Sources */ = {
			isa = PBXSourcesBuildPhase;
			buildActionMask = 2147483647;
			files = (
				065EC0FB27716D770040AADA /* ContentView.swift in Sources */,
				065EC10A277177360040AADA /* snacks.mlmodel in Sources */,
				065EC108277171D90040AADA /* ImagePickerView.swift in Sources */,
				065EC10E277191990040AADA /* PhotoView.swift in Sources */,
				065EC11227719DD20040AADA /* AllPhoto.swift in Sources */,
				065EC0F927716D770040AADA /* AlbumApp.swift in Sources */,
				065EC110277198090040AADA /* PhotoDetail.swift in Sources */,
				065EC10C277177A80040AADA /* ImageClassifier.swift in Sources */,
			);
			runOnlyForDeploymentPostprocessing = 0;
		};
/* End PBXSourcesBuildPhase section */

/* Begin XCBuildConfiguration section */
		065EC10127716D780040AADA /* Debug */ = {
			isa = XCBuildConfiguration;
			buildSettings = {
				ALWAYS_SEARCH_USER_PATHS = NO;
				CLANG_ANALYZER_NONNULL = YES;
				CLANG_ANALYZER_NUMBER_OBJECT_CONVERSION = YES_AGGRESSIVE;
				CLANG_CXX_LANGUAGE_STANDARD = "gnu++17";
				CLANG_CXX_LIBRARY = "libc++";
				CLANG_ENABLE_MODULES = YES;
				CLANG_ENABLE_OBJC_ARC = YES;
				CLANG_ENABLE_OBJC_WEAK = YES;
				CLANG_WARN_BLOCK_CAPTURE_AUTORELEASING = YES;
				CLANG_WARN_BOOL_CONVERSION = YES;
				CLANG_WARN_COMMA = YES;
				CLANG_WARN_CONSTANT_CONVERSION = YES;
				CLANG_WARN_DEPRECATED_OBJC_IMPLEMENTATIONS = YES;
				CLANG_WARN_DIRECT_OBJC_ISA_USAGE = YES_ERROR;
				CLANG_WARN_DOCUMENTATION_COMMENTS = YES;
				CLANG_WARN_EMPTY_BODY = YES;
				CLANG_WARN_ENUM_CONVERSION = YES;
				CLANG_WARN_INFINITE_RECURSION = YES;
				CLANG_WARN_INT_CONVERSION = YES;
				CLANG_WARN_NON_LITERAL_NULL_CONVERSION = YES;
				CLANG_WARN_OBJC_IMPLICIT_RETAIN_SELF = YES;
				CLANG_WARN_OBJC_LITERAL_CONVERSION = YES;
				CLANG_WARN_OBJC_ROOT_CLASS = YES_ERROR;
				CLANG_WARN_QUOTED_INCLUDE_IN_FRAMEWORK_HEADER = YES;
				CLANG_WARN_RANGE_LOOP_ANALYSIS = YES;
				CLANG_WARN_STRICT_PROTOTYPES = YES;
				CLANG_WARN_SUSPICIOUS_MOVE = YES;
				CLANG_WARN_UNGUARDED_AVAILABILITY = YES_AGGRESSIVE;
				CLANG_WARN_UNREACHABLE_CODE = YES;
				CLANG_WARN__DUPLICATE_METHOD_MATCH = YES;
				COPY_PHASE_STRIP = NO;
				DEBUG_INFORMATION_FORMAT = dwarf;
				ENABLE_STRICT_OBJC_MSGSEND = YES;
				ENABLE_TESTABILITY = YES;
				GCC_C_LANGUAGE_STANDARD = gnu11;
				GCC_DYNAMIC_NO_PIC = NO;
				GCC_NO_COMMON_BLOCKS = YES;
				GCC_OPTIMIZATION_LEVEL = 0;
				GCC_PREPROCESSOR_DEFINITIONS = (
					"DEBUG=1",
					"$(inherited)",
				);
				GCC_WARN_64_TO_32_BIT_CONVERSION = YES;
				GCC_WARN_ABOUT_RETURN_TYPE = YES_ERROR;
				GCC_WARN_UNDECLARED_SELECTOR = YES;
				GCC_WARN_UNINITIALIZED_AUTOS = YES_AGGRESSIVE;
				GCC_WARN_UNUSED_FUNCTION = YES;
				GCC_WARN_UNUSED_VARIABLE = YES;
				IPHONEOS_DEPLOYMENT_TARGET = 15.0;
				MTL_ENABLE_DEBUG_INFO = INCLUDE_SOURCE;
				MTL_FAST_MATH = YES;
				ONLY_ACTIVE_ARCH = YES;
				SDKROOT = iphoneos;
				SWIFT_ACTIVE_COMPILATION_CONDITIONS = DEBUG;
				SWIFT_OPTIMIZATION_LEVEL = "-Onone";
			};
			name = Debug;
		};
		065EC10227716D780040AADA /* Release */ = {
			isa = XCBuildConfiguration;
			buildSettings = {
				ALWAYS_SEARCH_USER_PATHS = NO;
				CLANG_ANALYZER_NONNULL = YES;
				CLANG_ANALYZER_NUMBER_OBJECT_CONVERSION = YES_AGGRESSIVE;
				CLANG_CXX_LANGUAGE_STANDARD = "gnu++17";
				CLANG_CXX_LIBRARY = "libc++";
				CLANG_ENABLE_MODULES = YES;
				CLANG_ENABLE_OBJC_ARC = YES;
				CLANG_ENABLE_OBJC_WEAK = YES;
				CLANG_WARN_BLOCK_CAPTURE_AUTORELEASING = YES;
				CLANG_WARN_BOOL_CONVERSION = YES;
				CLANG_WARN_COMMA = YES;
				CLANG_WARN_CONSTANT_CONVERSION = YES;
				CLANG_WARN_DEPRECATED_OBJC_IMPLEMENTATIONS = YES;
				CLANG_WARN_DIRECT_OBJC_ISA_USAGE = YES_ERROR;
				CLANG_WARN_DOCUMENTATION_COMMENTS = YES;
				CLANG_WARN_EMPTY_BODY = YES;
				CLANG_WARN_ENUM_CONVERSION = YES;
				CLANG_WARN_INFINITE_RECURSION = YES;
				CLANG_WARN_INT_CONVERSION = YES;
				CLANG_WARN_NON_LITERAL_NULL_CONVERSION = YES;
				CLANG_WARN_OBJC_IMPLICIT_RETAIN_SELF = YES;
				CLANG_WARN_OBJC_LITERAL_CONVERSION = YES;
				CLANG_WARN_OBJC_ROOT_CLASS = YES_ERROR;
				CLANG_WARN_QUOTED_INCLUDE_IN_FRAMEWORK_HEADER = YES;
				CLANG_WARN_RANGE_LOOP_ANALYSIS = YES;
				CLANG_WARN_STRICT_PROTOTYPES = YES;
				CLANG_WARN_SUSPICIOUS_MOVE = YES;
				CLANG_WARN_UNGUARDED_AVAILABILITY = YES_AGGRESSIVE;
				CLANG_WARN_UNREACHABLE_CODE = YES;
				CLANG_WARN__DUPLICATE_METHOD_MATCH = YES;
				COPY_PHASE_STRIP = NO;
				DEBUG_INFORMATION_FORMAT = "dwarf-with-dsym";
				ENABLE_NS_ASSERTIONS = NO;
				ENABLE_STRICT_OBJC_MSGSEND = YES;
				GCC_C_LANGUAGE_STANDARD = gnu11;
				GCC_NO_COMMON_BLOCKS = YES;
				GCC_WARN_64_TO_32_BIT_CONVERSION = YES;
				GCC_WARN_ABOUT_RETURN_TYPE = YES_ERROR;
				GCC_WARN_UNDECLARED_SELECTOR = YES;
				GCC_WARN_UNINITIALIZED_AUTOS = YES_AGGRESSIVE;
				GCC_WARN_UNUSED_FUNCTION = YES;
				GCC_WARN_UNUSED_VARIABLE = YES;
				IPHONEOS_DEPLOYMENT_TARGET = 15.0;
				MTL_ENABLE_DEBUG_INFO = NO;
				MTL_FAST_MATH = YES;
				SDKROOT = iphoneos;
				SWIFT_COMPILATION_MODE = wholemodule;
				SWIFT_OPTIMIZATION_LEVEL = "-O";
				VALIDATE_PRODUCT = YES;
			};
			name = Release;
		};
		065EC10427716D780040AADA /* Debug */ = {
			isa = XCBuildConfiguration;
			buildSettings = {
				ASSETCATALOG_COMPILER_APPICON_NAME = AppIcon;
				ASSETCATALOG_COMPILER_GLOBAL_ACCENT_COLOR_NAME = AccentColor;
				CODE_SIGN_STYLE = Automatic;
				CURRENT_PROJECT_VERSION = 1;
				DEVELOPMENT_ASSET_PATHS = "\"Album/Preview Content\"";
				DEVELOPMENT_TEAM = RNYB5U9JS9;
				ENABLE_PREVIEWS = YES;
				GENERATE_INFOPLIST_FILE = YES;
				INFOPLIST_FILE = Album/Info.plist;
				"INFOPLIST_FILE[sdk=*]" = "";
				INFOPLIST_KEY_NSCameraUsageDescription = "need to use camera.";
				INFOPLIST_KEY_UIApplicationSceneManifest_Generation = YES;
				INFOPLIST_KEY_UIApplicationSupportsIndirectInputEvents = YES;
				INFOPLIST_KEY_UILaunchScreen_Generation = YES;
				INFOPLIST_KEY_UISupportedInterfaceOrientations_iPad = "UIInterfaceOrientationPortrait UIInterfaceOrientationPortraitUpsideDown UIInterfaceOrientationLandscapeLeft UIInterfaceOrientationLandscapeRight";
				INFOPLIST_KEY_UISupportedInterfaceOrientations_iPhone = "UIInterfaceOrientationPortrait UIInterfaceOrientationLandscapeLeft UIInterfaceOrientationLandscapeRight";
				LD_RUNPATH_SEARCH_PATHS = (
					"$(inherited)",
					"@executable_path/Frameworks",
				);
				MARKETING_VERSION = 1.0;
				PRODUCT_BUNDLE_IDENTIFIER = zcy.Album;
				PRODUCT_NAME = "$(TARGET_NAME)";
				SWIFT_EMIT_LOC_STRINGS = YES;
				SWIFT_VERSION = 5.0;
				TARGETED_DEVICE_FAMILY = "1,2";
			};
			name = Debug;
		};
		065EC10527716D780040AADA /* Release */ = {
			isa = XCBuildConfiguration;
			buildSettings = {
				ASSETCATALOG_COMPILER_APPICON_NAME = AppIcon;
				ASSETCATALOG_COMPILER_GLOBAL_ACCENT_COLOR_NAME = AccentColor;
				CODE_SIGN_STYLE = Automatic;
				CURRENT_PROJECT_VERSION = 1;
				DEVELOPMENT_ASSET_PATHS = "\"Album/Preview Content\"";
				DEVELOPMENT_TEAM = RNYB5U9JS9;
				ENABLE_PREVIEWS = YES;
				GENERATE_INFOPLIST_FILE = YES;
				INFOPLIST_FILE = Album/Info.plist;
				"INFOPLIST_FILE[sdk=*]" = "";
				INFOPLIST_KEY_NSCameraUsageDescription = "need to use camera.";
				INFOPLIST_KEY_UIApplicationSceneManifest_Generation = YES;
				INFOPLIST_KEY_UIApplicationSupportsIndirectInputEvents = YES;
				INFOPLIST_KEY_UILaunchScreen_Generation = YES;
				INFOPLIST_KEY_UISupportedInterfaceOrientations_iPad = "UIInterfaceOrientationPortrait UIInterfaceOrientationPortraitUpsideDown UIInterfaceOrientationLandscapeLeft UIInterfaceOrientationLandscapeRight";
				INFOPLIST_KEY_UISupportedInterfaceOrientations_iPhone = "UIInterfaceOrientationPortrait UIInterfaceOrientationLandscapeLeft UIInterfaceOrientationLandscapeRight";
				LD_RUNPATH_SEARCH_PATHS = (
					"$(inherited)",
					"@executable_path/Frameworks",
				);
				MARKETING_VERSION = 1.0;
				PRODUCT_BUNDLE_IDENTIFIER = zcy.Album;
				PRODUCT_NAME = "$(TARGET_NAME)";
				SWIFT_EMIT_LOC_STRINGS = YES;
				SWIFT_VERSION = 5.0;
				TARGETED_DEVICE_FAMILY = "1,2";
			};
			name = Release;
		};
/* End XCBuildConfiguration section */

/* Begin XCConfigurationList section */
		065EC0F027716D770040AADA /* Build configuration list for PBXProject "Album" */ = {
			isa = XCConfigurationList;
			buildConfigurations = (
				065EC10127716D780040AADA /* Debug */,
				065EC10227716D780040AADA /* Release */,
			);
			defaultConfigurationIsVisible = 0;
			defaultConfigurationName = Release;
		};
		065EC10327716D780040AADA /* Build configuration list for PBXNativeTarget "Album" */ = {
			isa = XCConfigurationList;
			buildConfigurations = (
				065EC10427716D780040AADA /* Debug */,
				065EC10527716D780040AADA /* Release */,
			);
			defaultConfigurationIsVisible = 0;
			defaultConfigurationName = Release;
		};
/* End XCConfigurationList section */
	};
	rootObject = 065EC0ED27716D770040AADA /* Project object */;
}
